
Microsoft Visual Studio Solution File, Format Version 12.00
# Visual Studio 14
VisualStudioVersion = 14.0.25420.1
MinimumVisualStudioVersion = 10.0.40219.1
Project("{2150E333-8FDC-42A3-9474-1A3956D46DE8}") = "Services", "Services", "{3EB4DBFB-46F5-40A2-AAD4-597DE676396D}"
EndProject
Project("{2150E333-8FDC-42A3-9474-1A3956D46DE8}") = "Operation", "Operation", "{A9FA3079-93C1-45FF-958A-29F50B7C8887}"
EndProject
Project("{2150E333-8FDC-42A3-9474-1A3956D46DE8}") = "Data", "Data", "{399C8DC4-86B3-43DB-BECF-3037CFD99FE8}"
EndProject
Project("{2150E333-8FDC-42A3-9474-1A3956D46DE8}") = "BusinessLogic", "BusinessLogic", "{70A3A610-A6D0-4364-813C-5C60E8686177}"
EndProject
Project("{2150E333-8FDC-42A3-9474-1A3956D46DE8}") = "Common", "Common", "{58B57181-1435-4488-A094-D854538934EC}"
EndProject
Project("{2150E333-8FDC-42A3-9474-1A3956D46DE8}") = "Mapper", "Mapper", "{73222192-2E0E-4275-87E3-D159886A7F1A}"
EndProject
Project("{FAE04EC0-301F-11D3-BF4B-00C04F79EFBC}") = "Operations", "Operations\Operations.csproj", "{9D14C628-1272-414C-A35E-B4D031FC46F6}"
EndProject
Project("{FAE04EC0-301F-11D3-BF4B-00C04F79EFBC}") = "BusinessLogic", "BusinessLogic\BusinessLogic.csproj", "{F86034BB-6B40-4439-B33E-5432784FF5AA}"
EndProject
Project("{FAE04EC0-301F-11D3-BF4B-00C04F79EFBC}") = "Models", "Databasse\Models.csproj", "{F4E3A560-39AB-414D-8347-24605EADD3F0}"
EndProject
Project("{FAE04EC0-301F-11D3-BF4B-00C04F79EFBC}") = "DataModel", "DataModel\DataModel.csproj", "{F89C7BB9-B568-4491-9011-B8F22B4175C9}"
EndProject
Project("{FAE04EC0-301F-11D3-BF4B-00C04F79EFBC}") = "DataMapper", "DataMapper\DataMapper.csproj", "{6309038B-28F2-49FB-AEB0-00013DFCC5A9}"
EndProject
Project("{FAE04EC0-301F-11D3-BF4B-00C04F79EFBC}") = "TestTests", "TestTests\TestTests.csproj", "{83E6B113-2A09-4964-9B9C-A0C6947561B6}"
EndProject
Project("{FAE04EC0-301F-11D3-BF4B-00C04F79EFBC}") = "Service", "Service\Service.csproj", "{BB6378B7-AC38-478A-AFE2-2DD23B252215}"
EndProject
Project("{FAE04EC0-301F-11D3-BF4B-00C04F79EFBC}") = "TestService", "TestService\TestService.csproj", "{B4605CC5-287E-48DC-962A-E46ABFCF6B76}"
EndProject
Global
	GlobalSection(SolutionConfigurationPlatforms) = preSolution
		Debug|Any CPU = Debug|Any CPU
		Release|Any CPU = Release|Any CPU
	EndGlobalSection
	GlobalSection(ProjectConfigurationPlatforms) = postSolution
		{9D14C628-1272-414C-A35E-B4D031FC46F6}.Debug|Any CPU.ActiveCfg = Debug|Any CPU
		{9D14C628-1272-414C-A35E-B4D031FC46F6}.Debug|Any CPU.Build.0 = Debug|Any CPU
		{9D14C628-1272-414C-A35E-B4D031FC46F6}.Release|Any CPU.ActiveCfg = Release|Any CPU
		{9D14C628-1272-414C-A35E-B4D031FC46F6}.Release|Any CPU.Build.0 = Release|Any CPU
		{F86034BB-6B40-4439-B33E-5432784FF5AA}.Debug|Any CPU.ActiveCfg = Debug|Any CPU
		{F86034BB-6B40-4439-B33E-5432784FF5AA}.Debug|Any CPU.Build.0 = Debug|Any CPU
		{F86034BB-6B40-4439-B33E-5432784FF5AA}.Debug|Any CPU.Deploy.0 = Debug|Any CPU
		{F86034BB-6B40-4439-B33E-5432784FF5AA}.Release|Any CPU.ActiveCfg = Release|Any CPU
		{F86034BB-6B40-4439-B33E-5432784FF5AA}.Release|Any CPU.Build.0 = Release|Any CPU
		{F4E3A560-39AB-414D-8347-24605EADD3F0}.Debug|Any CPU.ActiveCfg = Debug|Any CPU
		{F4E3A560-39AB-414D-8347-24605EADD3F0}.Debug|Any CPU.Build.0 = Debug|Any CPU
		{F4E3A560-39AB-414D-8347-24605EADD3F0}.Release|Any CPU.ActiveCfg = Release|Any CPU
		{F4E3A560-39AB-414D-8347-24605EADD3F0}.Release|Any CPU.Build.0 = Release|Any CPU
		{F89C7BB9-B568-4491-9011-B8F22B4175C9}.Debug|Any CPU.ActiveCfg = Debug|Any CPU
		{F89C7BB9-B568-4491-9011-B8F22B4175C9}.Debug|Any CPU.Build.0 = Debug|Any CPU
		{F89C7BB9-B568-4491-9011-B8F22B4175C9}.Release|Any CPU.ActiveCfg = Release|Any CPU
		{F89C7BB9-B568-4491-9011-B8F22B4175C9}.Release|Any CPU.Build.0 = Release|Any CPU
		{6309038B-28F2-49FB-AEB0-00013DFCC5A9}.Debug|Any CPU.ActiveCfg = Debug|Any CPU
		{6309038B-28F2-49FB-AEB0-00013DFCC5A9}.Debug|Any CPU.Build.0 = Debug|Any CPU
		{6309038B-28F2-49FB-AEB0-00013DFCC5A9}.Release|Any CPU.ActiveCfg = Release|Any CPU
		{6309038B-28F2-49FB-AEB0-00013DFCC5A9}.Release|Any CPU.Build.0 = Release|Any CPU
		{83E6B113-2A09-4964-9B9C-A0C6947561B6}.Debug|Any CPU.ActiveCfg = Debug|Any CPU
		{83E6B113-2A09-4964-9B9C-A0C6947561B6}.Debug|Any CPU.Build.0 = Debug|Any CPU
		{83E6B113-2A09-4964-9B9C-A0C6947561B6}.Release|Any CPU.ActiveCfg = Release|Any CPU
		{83E6B113-2A09-4964-9B9C-A0C6947561B6}.Release|Any CPU.Build.0 = Release|Any CPU
		{BB6378B7-AC38-478A-AFE2-2DD23B252215}.Debug|Any CPU.ActiveCfg = Debug|Any CPU
		{BB6378B7-AC38-478A-AFE2-2DD23B252215}.Debug|Any CPU.Build.0 = Debug|Any CPU
		{BB6378B7-AC38-478A-AFE2-2DD23B252215}.Release|Any CPU.ActiveCfg = Release|Any CPU
		{BB6378B7-AC38-478A-AFE2-2DD23B252215}.Release|Any CPU.Build.0 = Release|Any CPU
		{B4605CC5-287E-48DC-962A-E46ABFCF6B76}.Debug|Any CPU.ActiveCfg = Debug|Any CPU
		{B4605CC5-287E-48DC-962A-E46ABFCF6B76}.Debug|Any CPU.Build.0 = Debug|Any CPU
		{B4605CC5-287E-48DC-962A-E46ABFCF6B76}.Release|Any CPU.ActiveCfg = Release|Any CPU
		{B4605CC5-287E-48DC-962A-E46ABFCF6B76}.Release|Any CPU.Build.0 = Release|Any CPU
	EndGlobalSection
	GlobalSection(SolutionProperties) = preSolution
		HideSolutionNode = FALSE
	EndGlobalSection
	GlobalSection(NestedProjects) = preSolution
		{9D14C628-1272-414C-A35E-B4D031FC46F6} = {A9FA3079-93C1-45FF-958A-29F50B7C8887}
		{F86034BB-6B40-4439-B33E-5432784FF5AA} = {70A3A610-A6D0-4364-813C-5C60E8686177}
		{F4E3A560-39AB-414D-8347-24605EADD3F0} = {58B57181-1435-4488-A094-D854538934EC}
		{F89C7BB9-B568-4491-9011-B8F22B4175C9} = {399C8DC4-86B3-43DB-BECF-3037CFD99FE8}
		{6309038B-28F2-49FB-AEB0-00013DFCC5A9} = {73222192-2E0E-4275-87E3-D159886A7F1A}
		{BB6378B7-AC38-478A-AFE2-2DD23B252215} = {3EB4DBFB-46F5-40A2-AAD4-597DE676396D}
		{B4605CC5-287E-48DC-962A-E46ABFCF6B76} = {3EB4DBFB-46F5-40A2-AAD4-597DE676396D}
	EndGlobalSection
EndGlobal
